
Microsoft Visual Studio Solution File, Format Version 12.00
# Visual Studio Version 16
VisualStudioVersion = 16.0.29326.143
MinimumVisualStudioVersion = 10.0.40219.1
Project("{9A19103F-16F7-4668-BE54-9A1E7A4F7556}") = "GKZipLib", "GKZipLib.csproj", "{35E162A0-DA18-4064-9B3D-D32594DB63F3}"
EndProject
Project("{9A19103F-16F7-4668-BE54-9A1E7A4F7556}") = "MikeForensicLib", "MikeForensicLib\MikeForensicLib.csproj", "{FC3413FB-F548-4A98-A725-F59E9FFE5A39}"
EndProject
Global
	GlobalSection(SolutionConfigurationPlatforms) = preSolution
		Debug|Any CPU = Debug|Any CPU
		Release|Any CPU = Release|Any CPU
	EndGlobalSection
	GlobalSection(ProjectConfigurationPlatforms) = postSolution
		{35E162A0-DA18-4064-9B3D-D32594DB63F3}.Debug|Any CPU.ActiveCfg = Debug|Any CPU
		{35E162A0-DA18-4064-9B3D-D32594DB63F3}.Debug|Any CPU.Build.0 = Debug|Any CPU
		{35E162A0-DA18-4064-9B3D-D32594DB63F3}.Release|Any CPU.ActiveCfg = Release|Any CPU
		{35E162A0-DA18-4064-9B3D-D32594DB63F3}.Release|Any CPU.Build.0 = Release|Any CPU
		{FC3413FB-F548-4A98-A725-F59E9FFE5A39}.Debug|Any CPU.ActiveCfg = Debug|Any CPU
		{FC3413FB-F548-4A98-A725-F59E9FFE5A39}.Debug|Any CPU.Build.0 = Debug|Any CPU
		{FC3413FB-F548-4A98-A725-F59E9FFE5A39}.Release|Any CPU.ActiveCfg = Release|Any CPU
		{FC3413FB-F548-4A98-A725-F59E9FFE5A39}.Release|Any CPU.Build.0 = Release|Any CPU
	EndGlobalSection
	GlobalSection(SolutionProperties) = preSolution
		HideSolutionNode = FALSE
	EndGlobalSection
	GlobalSection(ExtensibilityGlobals) = postSolution
		SolutionGuid = {16B82210-25F6-4A92-87D0-6A5D2358B7B3}
	EndGlobalSection
EndGlobal
